
Microsoft Visual Studio Solution File, Format Version 12.00
# Visual Studio 15
VisualStudioVersion = 15.0.27130.2020
MinimumVisualStudioVersion = 10.0.40219.1
Project("{FAE04EC0-301F-11D3-BF4B-00C04F79EFBC}") = "Serilog.Sinks.CloudLog", "src\Serilog.Sinks.CloudLog\Serilog.Sinks.CloudLog.csproj", "{029F29C1-4BDA-4688-A8A1-F090D746613F}"
EndProject
Global
	GlobalSection(SolutionConfigurationPlatforms) = preSolution
		Debug|Any CPU = Debug|Any CPU
		Release|Any CPU = Release|Any CPU
	EndGlobalSection
	GlobalSection(ProjectConfigurationPlatforms) = postSolution
		{029F29C1-4BDA-4688-A8A1-F090D746613F}.Debug|Any CPU.ActiveCfg = Debug|Any CPU
		{029F29C1-4BDA-4688-A8A1-F090D746613F}.Debug|Any CPU.Build.0 = Debug|Any CPU
		{029F29C1-4BDA-4688-A8A1-F090D746613F}.Release|Any CPU.ActiveCfg = Release|Any CPU
		{029F29C1-4BDA-4688-A8A1-F090D746613F}.Release|Any CPU.Build.0 = Release|Any CPU
	EndGlobalSection
	GlobalSection(SolutionProperties) = preSolution
		HideSolutionNode = FALSE
	EndGlobalSection
	GlobalSection(ExtensibilityGlobals) = postSolution
		SolutionGuid = {C23651EA-2775-49C5-89CB-CA37057F8776}
	EndGlobalSection
EndGlobal
